
Microsoft Visual Studio Solution File, Format Version 12.00
# Visual Studio Version 17
VisualStudioVersion = 17.6.33829.357
MinimumVisualStudioVersion = 10.0.40219.1
Project("{FAE04EC0-301F-11D3-BF4B-00C04F79EFBC}") = "XIIRPL2_15_Ticketing", "XIIRPL2_15_Ticketing\XIIRPL2_15_Ticketing.csproj", "{EC759FEC-1E35-4D71-9C32-7805D3A28AF3}"
EndProject
Global
	GlobalSection(SolutionConfigurationPlatforms) = preSolution
		Debug|Any CPU = Debug|Any CPU
		Release|Any CPU = Release|Any CPU
	EndGlobalSection
	GlobalSection(ProjectConfigurationPlatforms) = postSolution
		{EC759FEC-1E35-4D71-9C32-7805D3A28AF3}.Debug|Any CPU.ActiveCfg = Debug|Any CPU
		{EC759FEC-1E35-4D71-9C32-7805D3A28AF3}.Debug|Any CPU.Build.0 = Debug|Any CPU
		{EC759FEC-1E35-4D71-9C32-7805D3A28AF3}.Release|Any CPU.ActiveCfg = Release|Any CPU
		{EC759FEC-1E35-4D71-9C32-7805D3A28AF3}.Release|Any CPU.Build.0 = Release|Any CPU
	EndGlobalSection
	GlobalSection(SolutionProperties) = preSolution
		HideSolutionNode = FALSE
	EndGlobalSection
	GlobalSection(ExtensibilityGlobals) = postSolution
		SolutionGuid = {3EA64C75-AA34-4113-AC51-46EE302D5568}
	EndGlobalSection
EndGlobal
